
Microsoft Visual Studio Solution File, Format Version 12.00
# Visual Studio Version 17
VisualStudioVersion = 17.7.34221.43
MinimumVisualStudioVersion = 10.0.40219.1
Project("{9A19103F-16F7-4668-BE54-9A1E7A4F7556}") = "20231124", "20231124\20231124.csproj", "{8213023E-342D-4C78-AF1B-2EE715235DD9}"
EndProject
Project("{2150E333-8FDC-42A3-9474-1A3956D46DE8}") = "方案項目", "方案項目", "{9544646B-1516-4DFA-B5E6-A6A07934D7FE}"
	ProjectSection(SolutionItems) = preProject
		..\..\..\OneDrive - 南臺科技大學\Mac桌面\桌布\電台.png = ..\..\..\OneDrive - 南臺科技大學\Mac桌面\桌布\電台.png
	EndProjectSection
EndProject
Global
	GlobalSection(SolutionConfigurationPlatforms) = preSolution
		Debug|Any CPU = Debug|Any CPU
		Release|Any CPU = Release|Any CPU
	EndGlobalSection
	GlobalSection(ProjectConfigurationPlatforms) = postSolution
		{8213023E-342D-4C78-AF1B-2EE715235DD9}.Debug|Any CPU.ActiveCfg = Debug|Any CPU
		{8213023E-342D-4C78-AF1B-2EE715235DD9}.Debug|Any CPU.Build.0 = Debug|Any CPU
		{8213023E-342D-4C78-AF1B-2EE715235DD9}.Release|Any CPU.ActiveCfg = Release|Any CPU
		{8213023E-342D-4C78-AF1B-2EE715235DD9}.Release|Any CPU.Build.0 = Release|Any CPU
	EndGlobalSection
	GlobalSection(SolutionProperties) = preSolution
		HideSolutionNode = FALSE
	EndGlobalSection
	GlobalSection(ExtensibilityGlobals) = postSolution
		SolutionGuid = {96D84FE1-FD4B-41E6-8E94-654CCDB51C81}
	EndGlobalSection
EndGlobal
